// !$*UTF8*$!
{
	archiveVersion = 1;
	classes = {
	};
	objectVersion = 46;
	objects = {

/* Begin PBXBuildFile section */
		23322FDC230751B600EA80B1 /* Icon-60@3x.png in Resources */ = {isa = PBXBuildFile; fileRef = 23322FD7230751B500EA80B1 /* Icon-60@3x.png */; };
		23322FDD230751B600EA80B1 /* Icon-83.5@2x.png in Resources */ = {isa = PBXBuildFile; fileRef = 23322FD8230751B500EA80B1 /* Icon-83.5@2x.png */; };
		23322FDE230751B600EA80B1 /* Icon-76.png in Resources */ = {isa = PBXBuildFile; fileRef = 23322FD9230751B600EA80B1 /* Icon-76.png */; };
		23322FDF230751B600EA80B1 /* Icon-76@2x.png in Resources */ = {isa = PBXBuildFile; fileRef = 23322FDA230751B600EA80B1 /* Icon-76@2x.png */; };
		23322FE0230751B600EA80B1 /* Icon-60@2x.png in Resources */ = {isa = PBXBuildFile; fileRef = 23322FDB230751B600EA80B1 /* Icon-60@2x.png */; };
		C41B642E1E65D33C00949040 /* MusicCatButton.swift in Sources */ = {isa = PBXBuildFile; fileRef = C41B642D1E65D33C00949040 /* MusicCatButton.swift */; };
		C41B64331E65F12100949040 /* Colors.swift in Sources */ = {isa = PBXBuildFile; fileRef = C41B64321E65F12100949040 /* Colors.swift */; };
		C43BBD801E63D889005F029E /* LoadingCollectionViewCell.swift in Sources */ = {isa = PBXBuildFile; fileRef = C43BBD7F1E63D889005F029E /* LoadingCollectionViewCell.swift */; };
		C4B3CF7B1E5509BD00D401E9 /* TopCatVideoView.swift in Sources */ = {isa = PBXBuildFile; fileRef = C4B3CF7A1E5509BD00D401E9 /* TopCatVideoView.swift */; };
		C4B3CF7E1E551DFE00D401E9 /* Shadows.swift in Sources */ = {isa = PBXBuildFile; fileRef = C4B3CF7D1E551DFE00D401E9 /* Shadows.swift */; };
		C4B61A8F1E53699A00DBEAD1 /* CatsCollectionView.swift in Sources */ = {isa = PBXBuildFile; fileRef = C4B61A8E1E53699A00DBEAD1 /* CatsCollectionView.swift */; };
		C4B61A911E5369D500DBEAD1 /* CatCollectionViewCell.swift in Sources */ = {isa = PBXBuildFile; fileRef = C4B61A901E5369D500DBEAD1 /* CatCollectionViewCell.swift */; };
		C4B61A941E53715700DBEAD1 /* Reddit.swift in Sources */ = {isa = PBXBuildFile; fileRef = C4B61A931E53715700DBEAD1 /* Reddit.swift */; };
		C4B61A971E537A0400DBEAD1 /* Cat.swift in Sources */ = {isa = PBXBuildFile; fileRef = C4B61A961E537A0400DBEAD1 /* Cat.swift */; };
		C4C859E01E5691300033CA97 /* CatsPresenter.swift in Sources */ = {isa = PBXBuildFile; fileRef = C4C859DF1E5691300033CA97 /* CatsPresenter.swift */; };
		C4DE95901E53611400CA80B2 /* AppDelegate.swift in Sources */ = {isa = PBXBuildFile; fileRef = C4DE958F1E53611400CA80B2 /* AppDelegate.swift */; };
		C4DE95971E53611400CA80B2 /* Assets.xcassets in Resources */ = {isa = PBXBuildFile; fileRef = C4DE95961E53611400CA80B2 /* Assets.xcassets */; };
		C4DE959D1E53620E00CA80B2 /* CatsViewController.swift in Sources */ = {isa = PBXBuildFile; fileRef = C4DE959C1E53620E00CA80B2 /* CatsViewController.swift */; };
		C4DE95A21E53624D00CA80B2 /* CatsView.swift in Sources */ = {isa = PBXBuildFile; fileRef = C4DE95A11E53624D00CA80B2 /* CatsView.swift */; };
		E170086A4E010CEB32383AA6 /* Pods_CatsTV.framework in Frameworks */ = {isa = PBXBuildFile; fileRef = 2906A4EBDA0DC4885D0AEEF4 /* Pods_CatsTV.framework */; };
/* End PBXBuildFile section */

/* Begin PBXFileReference section */
		23322FD7230751B500EA80B1 /* Icon-60@3x.png */ = {isa = PBXFileReference; lastKnownFileType = image.png; name = "Icon-60@3x.png"; path = "../../CatsTVdev/CatsTV/CatsTV/Other/Assets.xcassets/AppIcon.appiconset/Icon-60@3x.png"; sourceTree = "<group>"; };
		23322FD8230751B500EA80B1 /* Icon-83.5@2x.png */ = {isa = PBXFileReference; lastKnownFileType = image.png; name = "Icon-83.5@2x.png"; path = "../../CatsTVdev/CatsTV/CatsTV/Other/Assets.xcassets/AppIcon.appiconset/Icon-83.5@2x.png"; sourceTree = "<group>"; };
		23322FD9230751B600EA80B1 /* Icon-76.png */ = {isa = PBXFileReference; lastKnownFileType = image.png; name = "Icon-76.png"; path = "../../CatsTVdev/CatsTV/CatsTV/Other/Assets.xcassets/AppIcon.appiconset/Icon-76.png"; sourceTree = "<group>"; };
		23322FDA230751B600EA80B1 /* Icon-76@2x.png */ = {isa = PBXFileReference; lastKnownFileType = image.png; name = "Icon-76@2x.png"; path = "../../CatsTVdev/CatsTV/CatsTV/Other/Assets.xcassets/AppIcon.appiconset/Icon-76@2x.png"; sourceTree = "<group>"; };
		23322FDB230751B600EA80B1 /* Icon-60@2x.png */ = {isa = PBXFileReference; lastKnownFileType = image.png; name = "Icon-60@2x.png"; path = "../../CatsTVdev/CatsTV/CatsTV/Other/Assets.xcassets/AppIcon.appiconset/Icon-60@2x.png"; sourceTree = "<group>"; };
		2906A4EBDA0DC4885D0AEEF4 /* Pods_CatsTV.framework */ = {isa = PBXFileReference; explicitFileType = wrapper.framework; includeInIndex = 0; path = Pods_CatsTV.framework; sourceTree = BUILT_PRODUCTS_DIR; };
		2C022DEC322908946365CDCB /* Pods-CatsTV.debug.xcconfig */ = {isa = PBXFileReference; includeInIndex = 1; lastKnownFileType = text.xcconfig; name = "Pods-CatsTV.debug.xcconfig"; path = "Pods/Target Support Files/Pods-CatsTV/Pods-CatsTV.debug.xcconfig"; sourceTree = "<group>"; };
		6689ED6D1BFE0AF708EF0062 /* Pods-CatsTV.release.xcconfig */ = {isa = PBXFileReference; includeInIndex = 1; lastKnownFileType = text.xcconfig; name = "Pods-CatsTV.release.xcconfig"; path = "Pods/Target Support Files/Pods-CatsTV/Pods-CatsTV.release.xcconfig"; sourceTree = "<group>"; };
		C41B642D1E65D33C00949040 /* MusicCatButton.swift */ = {isa = PBXFileReference; fileEncoding = 4; lastKnownFileType = sourcecode.swift; path = MusicCatButton.swift; sourceTree = "<group>"; };
		C41B64321E65F12100949040 /* Colors.swift */ = {isa = PBXFileReference; fileEncoding = 4; lastKnownFileType = sourcecode.swift; path = Colors.swift; sourceTree = "<group>"; };
		C43BBD7F1E63D889005F029E /* LoadingCollectionViewCell.swift */ = {isa = PBXFileReference; fileEncoding = 4; lastKnownFileType = sourcecode.swift; path = LoadingCollectionViewCell.swift; sourceTree = "<group>"; };
		C4B3CF7A1E5509BD00D401E9 /* TopCatVideoView.swift */ = {isa = PBXFileReference; fileEncoding = 4; lastKnownFileType = sourcecode.swift; path = TopCatVideoView.swift; sourceTree = "<group>"; };
		C4B3CF7D1E551DFE00D401E9 /* Shadows.swift */ = {isa = PBXFileReference; fileEncoding = 4; lastKnownFileType = sourcecode.swift; path = Shadows.swift; sourceTree = "<group>"; };
		C4B61A8E1E53699A00DBEAD1 /* CatsCollectionView.swift */ = {isa = PBXFileReference; fileEncoding = 4; lastKnownFileType = sourcecode.swift; path = CatsCollectionView.swift; sourceTree = "<group>"; };
		C4B61A901E5369D500DBEAD1 /* CatCollectionViewCell.swift */ = {isa = PBXFileReference; fileEncoding = 4; lastKnownFileType = sourcecode.swift; path = CatCollectionViewCell.swift; sourceTree = "<group>"; };
		C4B61A931E53715700DBEAD1 /* Reddit.swift */ = {isa = PBXFileReference; fileEncoding = 4; lastKnownFileType = sourcecode.swift; path = Reddit.swift; sourceTree = "<group>"; };
		C4B61A961E537A0400DBEAD1 /* Cat.swift */ = {isa = PBXFileReference; fileEncoding = 4; lastKnownFileType = sourcecode.swift; path = Cat.swift; sourceTree = "<group>"; };
		C4C859DF1E5691300033CA97 /* CatsPresenter.swift */ = {isa = PBXFileReference; fileEncoding = 4; lastKnownFileType = sourcecode.swift; path = CatsPresenter.swift; sourceTree = "<group>"; };
		C4DE958C1E53611400CA80B2 /* CatsTV.app */ = {isa = PBXFileReference; explicitFileType = wrapper.application; includeInIndex = 0; path = CatsTV.app; sourceTree = BUILT_PRODUCTS_DIR; };
		C4DE958F1E53611400CA80B2 /* AppDelegate.swift */ = {isa = PBXFileReference; lastKnownFileType = sourcecode.swift; path = AppDelegate.swift; sourceTree = "<group>"; };
		C4DE95961E53611400CA80B2 /* Assets.xcassets */ = {isa = PBXFileReference; lastKnownFileType = folder.assetcatalog; path = Assets.xcassets; sourceTree = "<group>"; };
		C4DE95981E53611400CA80B2 /* Info.plist */ = {isa = PBXFileReference; lastKnownFileType = text.plist.xml; path = Info.plist; sourceTree = "<group>"; };
		C4DE959C1E53620E00CA80B2 /* CatsViewController.swift */ = {isa = PBXFileReference; fileEncoding = 4; lastKnownFileType = sourcecode.swift; path = CatsViewController.swift; sourceTree = "<group>"; };
		C4DE95A11E53624D00CA80B2 /* CatsView.swift */ = {isa = PBXFileReference; fileEncoding = 4; lastKnownFileType = sourcecode.swift; path = CatsView.swift; sourceTree = "<group>"; };
/* End PBXFileReference section */

/* Begin PBXFrameworksBuildPhase section */
		C4DE95891E53611400CA80B2 /* Frameworks */ = {
			isa = PBXFrameworksBuildPhase;
			buildActionMask = 2147483647;
			files = (
				E170086A4E010CEB32383AA6 /* Pods_CatsTV.framework in Frameworks */,
			);
			runOnlyForDeploymentPostprocessing = 0;
		};
/* End PBXFrameworksBuildPhase section */

/* Begin PBXGroup section */
		63A8E0771595888D9D0C5DBE /* Frameworks */ = {
			isa = PBXGroup;
			children = (
				2906A4EBDA0DC4885D0AEEF4 /* Pods_CatsTV.framework */,
			);
			name = Frameworks;
			sourceTree = "<group>";
		};
		C43BBD811E63D896005F029E /* Cells */ = {
			isa = PBXGroup;
			children = (
				C43BBD7F1E63D889005F029E /* LoadingCollectionViewCell.swift */,
				C4B61A901E5369D500DBEAD1 /* CatCollectionViewCell.swift */,
			);
			name = Cells;
			sourceTree = "<group>";
		};
		C43BBD821E63D8A7005F029E /* Subviews */ = {
			isa = PBXGroup;
			children = (
				C4B3CF7A1E5509BD00D401E9 /* TopCatVideoView.swift */,
				C41B642D1E65D33C00949040 /* MusicCatButton.swift */,
				C4B61A8E1E53699A00DBEAD1 /* CatsCollectionView.swift */,
				C43BBD811E63D896005F029E /* Cells */,
			);
			name = Subviews;
			sourceTree = "<group>";
		};
		C4B3CF7C1E551DC500D401E9 /* Other */ = {
			isa = PBXGroup;
			children = (
				C4B3CF7D1E551DFE00D401E9 /* Shadows.swift */,
				C41B64321E65F12100949040 /* Colors.swift */,
			);
			name = Other;
			sourceTree = "<group>";
		};
		C4B61A921E53712B00DBEAD1 /* Data Managers */ = {
			isa = PBXGroup;
			children = (
				C4B61A931E53715700DBEAD1 /* Reddit.swift */,
			);
			name = "Data Managers";
			sourceTree = "<group>";
		};
		C4B61A951E5379D900DBEAD1 /* Entities */ = {
			isa = PBXGroup;
			children = (
				C4B61A961E537A0400DBEAD1 /* Cat.swift */,
			);
			name = Entities;
			sourceTree = "<group>";
		};
		C4C859DE1E5690F90033CA97 /* Presenter */ = {
			isa = PBXGroup;
			children = (
				C4C859DF1E5691300033CA97 /* CatsPresenter.swift */,
			);
			name = Presenter;
			sourceTree = "<group>";
		};
		C4DE95811E5360D800CA80B2 = {
			isa = PBXGroup;
			children = (
				C4DE958E1E53611400CA80B2 /* CatsTV */,
				C4DE958D1E53611400CA80B2 /* Products */,
				D3FBAFEAC34C911D50D8C14D /* Pods */,
				63A8E0771595888D9D0C5DBE /* Frameworks */,
			);
			sourceTree = "<group>";
		};
		C4DE958D1E53611400CA80B2 /* Products */ = {
			isa = PBXGroup;
			children = (
				C4DE958C1E53611400CA80B2 /* CatsTV.app */,
			);
			name = Products;
			sourceTree = "<group>";
		};
		C4DE958E1E53611400CA80B2 /* CatsTV */ = {
			isa = PBXGroup;
			children = (
				C4DE958F1E53611400CA80B2 /* AppDelegate.swift */,
				C4DE959E1E53621E00CA80B2 /* Cats Module */,
				C4B61A921E53712B00DBEAD1 /* Data Managers */,
				C4B61A951E5379D900DBEAD1 /* Entities */,
				C4B3CF7C1E551DC500D401E9 /* Other */,
				C4DE95961E53611400CA80B2 /* Assets.xcassets */,
				C4DE95981E53611400CA80B2 /* Info.plist */,
				23322FDB230751B600EA80B1 /* Icon-60@2x.png */,
				23322FD7230751B500EA80B1 /* Icon-60@3x.png */,
				23322FD9230751B600EA80B1 /* Icon-76.png */,
				23322FDA230751B600EA80B1 /* Icon-76@2x.png */,
				23322FD8230751B500EA80B1 /* Icon-83.5@2x.png */,
			);
			path = CatsTV;
			sourceTree = "<group>";
		};
		C4DE959E1E53621E00CA80B2 /* Cats Module */ = {
			isa = PBXGroup;
			children = (
				C4DE95A01E53623600CA80B2 /* View */,
				C4C859DE1E5690F90033CA97 /* Presenter */,
			);
			name = "Cats Module";
			sourceTree = "<group>";
		};
		C4DE95A01E53623600CA80B2 /* View */ = {
			isa = PBXGroup;
			children = (
				C4DE959C1E53620E00CA80B2 /* CatsViewController.swift */,
				C4DE95A11E53624D00CA80B2 /* CatsView.swift */,
				C43BBD821E63D8A7005F029E /* Subviews */,
			);
			name = View;
			sourceTree = "<group>";
		};
		D3FBAFEAC34C911D50D8C14D /* Pods */ = {
			isa = PBXGroup;
			children = (
				2C022DEC322908946365CDCB /* Pods-CatsTV.debug.xcconfig */,
				6689ED6D1BFE0AF708EF0062 /* Pods-CatsTV.release.xcconfig */,
			);
			name = Pods;
			sourceTree = "<group>";
		};
/* End PBXGroup section */

/* Begin PBXNativeTarget section */
		C4DE958B1E53611400CA80B2 /* CatsTV */ = {
			isa = PBXNativeTarget;
			buildConfigurationList = C4DE95991E53611400CA80B2 /* Build configuration list for PBXNativeTarget "CatsTV" */;
			buildPhases = (
				0C73F768F72F724A10165949 /* [CP] Check Pods Manifest.lock */,
				C4DE95881E53611400CA80B2 /* Sources */,
				C4DE95891E53611400CA80B2 /* Frameworks */,
				C4DE958A1E53611400CA80B2 /* Resources */,
				5D9A819BFBF88B1150FDC17D /* [CP] Embed Pods Frameworks */,
				23BC92192301F07D0061A13B /* ShellScript */,
			);
			buildRules = (
			);
			dependencies = (
			);
			name = CatsTV;
			productName = CatsTV;
			productReference = C4DE958C1E53611400CA80B2 /* CatsTV.app */;
			productType = "com.apple.product-type.application";
		};
/* End PBXNativeTarget section */

/* Begin PBXProject section */
		C4DE95821E5360D800CA80B2 /* Project object */ = {
			isa = PBXProject;
			attributes = {
				LastSwiftUpdateCheck = 0830;
				LastUpgradeCheck = 1100;
				TargetAttributes = {
					C4DE958B1E53611400CA80B2 = {
						CreatedOnToolsVersion = 8.3;
						DevelopmentTeam = 49E6AM57U3;
						ProvisioningStyle = Manual;
					};
				};
			};
			buildConfigurationList = C4DE95851E5360D800CA80B2 /* Build configuration list for PBXProject "CatsTV" */;
			compatibilityVersion = "Xcode 3.2";
			developmentRegion = English;
			hasScannedForEncodings = 0;
			knownRegions = (
				English,
				en,
				Base,
			);
			mainGroup = C4DE95811E5360D800CA80B2;
			productRefGroup = C4DE958D1E53611400CA80B2 /* Products */;
			projectDirPath = "";
			projectRoot = "";
			targets = (
				C4DE958B1E53611400CA80B2 /* CatsTV */,
			);
		};
/* End PBXProject section */

/* Begin PBXResourcesBuildPhase section */
		C4DE958A1E53611400CA80B2 /* Resources */ = {
			isa = PBXResourcesBuildPhase;
			buildActionMask = 2147483647;
			files = (
				23322FDC230751B600EA80B1 /* Icon-60@3x.png in Resources */,
				23322FDE230751B600EA80B1 /* Icon-76.png in Resources */,
				C4DE95971E53611400CA80B2 /* Assets.xcassets in Resources */,
				23322FDF230751B600EA80B1 /* Icon-76@2x.png in Resources */,
				23322FDD230751B600EA80B1 /* Icon-83.5@2x.png in Resources */,
				23322FE0230751B600EA80B1 /* Icon-60@2x.png in Resources */,
			);
			runOnlyForDeploymentPostprocessing = 0;
		};
/* End PBXResourcesBuildPhase section */

/* Begin PBXShellScriptBuildPhase section */
		0C73F768F72F724A10165949 /* [CP] Check Pods Manifest.lock */ = {
			isa = PBXShellScriptBuildPhase;
			buildActionMask = 2147483647;
			files = (
			);
			inputPaths = (
				"${PODS_PODFILE_DIR_PATH}/Podfile.lock",
				"${PODS_ROOT}/Manifest.lock",
			);
			name = "[CP] Check Pods Manifest.lock";
			outputPaths = (
				"$(DERIVED_FILE_DIR)/Pods-CatsTV-checkManifestLockResult.txt",
			);
			runOnlyForDeploymentPostprocessing = 0;
			shellPath = /bin/sh;
			shellScript = "diff \"${PODS_PODFILE_DIR_PATH}/Podfile.lock\" \"${PODS_ROOT}/Manifest.lock\" > /dev/null\nif [ $? != 0 ] ; then\n    # print error to STDERR\n    echo \"error: The sandbox is not in sync with the Podfile.lock. Run 'pod install' or update your CocoaPods installation.\" >&2\n    exit 1\nfi\n# This output is used by Xcode 'outputs' to avoid re-running this script phase.\necho \"SUCCESS\" > \"${SCRIPT_OUTPUT_FILE_0}\"\n";
			showEnvVarsInLog = 0;
		};
		23BC92192301F07D0061A13B /* ShellScript */ = {
			isa = PBXShellScriptBuildPhase;
			buildActionMask = 2147483647;
			files = (
			);
			inputFileListPaths = (
			);
			inputPaths = (
				"$(BUILT_PRODUCTS_DIR)/$(INFOPLIST_PATH)",
			);
			outputFileListPaths = (
			);
			outputPaths = (
			);
			runOnlyForDeploymentPostprocessing = 0;
			shellPath = /bin/sh;
			shellScript = "# Type a script or drag a script file from your workspace to insert its path.\n\"${PODS_ROOT}/Fabric/run\" bf47947e755123f361876ba094b1cd59b173f200 0bd2fea04c7cdbe6e757b07056afb34fcbb5399bba9df9628e25cff33272ed60\n";
		};
		5D9A819BFBF88B1150FDC17D /* [CP] Embed Pods Frameworks */ = {
			isa = PBXShellScriptBuildPhase;
			buildActionMask = 2147483647;
			files = (
			);
			inputPaths = (
				"${PODS_ROOT}/Target Support Files/Pods-CatsTV/Pods-CatsTV-frameworks.sh",
				"${BUILT_PRODUCTS_DIR}/SnapKit/SnapKit.framework",
			);
			name = "[CP] Embed Pods Frameworks";
			outputPaths = (
				"${TARGET_BUILD_DIR}/${FRAMEWORKS_FOLDER_PATH}/SnapKit.framework",
			);
			runOnlyForDeploymentPostprocessing = 0;
			shellPath = /bin/sh;
			shellScript = "\"${PODS_ROOT}/Target Support Files/Pods-CatsTV/Pods-CatsTV-frameworks.sh\"\n";
			showEnvVarsInLog = 0;
		};
/* End PBXShellScriptBuildPhase section */

/* Begin PBXSourcesBuildPhase section */
		C4DE95881E53611400CA80B2 /* Sources */ = {
			isa = PBXSourcesBuildPhase;
			buildActionMask = 2147483647;
			files = (
				C41B642E1E65D33C00949040 /* MusicCatButton.swift in Sources */,
				C4B61A911E5369D500DBEAD1 /* CatCollectionViewCell.swift in Sources */,
				C4B3CF7E1E551DFE00D401E9 /* Shadows.swift in Sources */,
				C43BBD801E63D889005F029E /* LoadingCollectionViewCell.swift in Sources */,
				C4B61A971E537A0400DBEAD1 /* Cat.swift in Sources */,
				C4C859E01E5691300033CA97 /* CatsPresenter.swift in Sources */,
				C4B61A941E53715700DBEAD1 /* Reddit.swift in Sources */,
				C4DE95A21E53624D00CA80B2 /* CatsView.swift in Sources */,
				C41B64331E65F12100949040 /* Colors.swift in Sources */,
				C4B61A8F1E53699A00DBEAD1 /* CatsCollectionView.swift in Sources */,
				C4B3CF7B1E5509BD00D401E9 /* TopCatVideoView.swift in Sources */,
				C4DE95901E53611400CA80B2 /* AppDelegate.swift in Sources */,
				C4DE959D1E53620E00CA80B2 /* CatsViewController.swift in Sources */,
			);
			runOnlyForDeploymentPostprocessing = 0;
		};
/* End PBXSourcesBuildPhase section */

/* Begin XCBuildConfiguration section */
		C4DE95861E5360D800CA80B2 /* Debug */ = {
			isa = XCBuildConfiguration;
			buildSettings = {
				CLANG_ANALYZER_LOCALIZABILITY_NONLOCALIZED = YES;
				CLANG_WARN_BLOCK_CAPTURE_AUTORELEASING = YES;
				CLANG_WARN_BOOL_CONVERSION = YES;
				CLANG_WARN_COMMA = YES;
				CLANG_WARN_CONSTANT_CONVERSION = YES;
				CLANG_WARN_DEPRECATED_OBJC_IMPLEMENTATIONS = YES;
				CLANG_WARN_EMPTY_BODY = YES;
				CLANG_WARN_ENUM_CONVERSION = YES;
				CLANG_WARN_INFINITE_RECURSION = YES;
				CLANG_WARN_INT_CONVERSION = YES;
				CLANG_WARN_NON_LITERAL_NULL_CONVERSION = YES;
				CLANG_WARN_OBJC_IMPLICIT_RETAIN_SELF = YES;
				CLANG_WARN_OBJC_LITERAL_CONVERSION = YES;
				CLANG_WARN_RANGE_LOOP_ANALYSIS = YES;
				CLANG_WARN_STRICT_PROTOTYPES = YES;
				CLANG_WARN_SUSPICIOUS_MOVE = YES;
				CLANG_WARN_UNREACHABLE_CODE = YES;
				CLANG_WARN__DUPLICATE_METHOD_MATCH = YES;
				ENABLE_STRICT_OBJC_MSGSEND = YES;
				ENABLE_TESTABILITY = YES;
				GCC_NO_COMMON_BLOCKS = YES;
				GCC_WARN_64_TO_32_BIT_CONVERSION = YES;
				GCC_WARN_ABOUT_RETURN_TYPE = YES;
				GCC_WARN_UNDECLARED_SELECTOR = YES;
				GCC_WARN_UNINITIALIZED_AUTOS = YES;
				GCC_WARN_UNUSED_FUNCTION = YES;
				GCC_WARN_UNUSED_VARIABLE = YES;
				ONLY_ACTIVE_ARCH = YES;
			};
			name = Debug;
		};
		C4DE95871E5360D800CA80B2 /* Release */ = {
			isa = XCBuildConfiguration;
			buildSettings = {
				CLANG_ANALYZER_LOCALIZABILITY_NONLOCALIZED = YES;
				CLANG_WARN_BLOCK_CAPTURE_AUTORELEASING = YES;
				CLANG_WARN_BOOL_CONVERSION = YES;
				CLANG_WARN_COMMA = YES;
				CLANG_WARN_CONSTANT_CONVERSION = YES;
				CLANG_WARN_DEPRECATED_OBJC_IMPLEMENTATIONS = YES;
				CLANG_WARN_EMPTY_BODY = YES;
				CLANG_WARN_ENUM_CONVERSION = YES;
				CLANG_WARN_INFINITE_RECURSION = YES;
				CLANG_WARN_INT_CONVERSION = YES;
				CLANG_WARN_NON_LITERAL_NULL_CONVERSION = YES;
				CLANG_WARN_OBJC_IMPLICIT_RETAIN_SELF = YES;
				CLANG_WARN_OBJC_LITERAL_CONVERSION = YES;
				CLANG_WARN_RANGE_LOOP_ANALYSIS = YES;
				CLANG_WARN_STRICT_PROTOTYPES = YES;
				CLANG_WARN_SUSPICIOUS_MOVE = YES;
				CLANG_WARN_UNREACHABLE_CODE = YES;
				CLANG_WARN__DUPLICATE_METHOD_MATCH = YES;
				ENABLE_STRICT_OBJC_MSGSEND = YES;
				GCC_NO_COMMON_BLOCKS = YES;
				GCC_WARN_64_TO_32_BIT_CONVERSION = YES;
				GCC_WARN_ABOUT_RETURN_TYPE = YES;
				GCC_WARN_UNDECLARED_SELECTOR = YES;
				GCC_WARN_UNINITIALIZED_AUTOS = YES;
				GCC_WARN_UNUSED_FUNCTION = YES;
				GCC_WARN_UNUSED_VARIABLE = YES;
			};
			name = Release;
		};
		C4DE959A1E53611400CA80B2 /* Debug */ = {
			isa = XCBuildConfiguration;
			baseConfigurationReference = 2C022DEC322908946365CDCB /* Pods-CatsTV.debug.xcconfig */;
			buildSettings = {
				ALWAYS_SEARCH_USER_PATHS = NO;
				ASSETCATALOG_COMPILER_APPICON_NAME = AppIcon;
				ASSETCATALOG_COMPILER_LAUNCHIMAGE_NAME = LaunchImage;
				CLANG_ANALYZER_NONNULL = YES;
				CLANG_ANALYZER_NUMBER_OBJECT_CONVERSION = YES_AGGRESSIVE;
				CLANG_CXX_LANGUAGE_STANDARD = "gnu++0x";
				CLANG_CXX_LIBRARY = "libc++";
				CLANG_ENABLE_MODULES = YES;
				CLANG_ENABLE_OBJC_ARC = YES;
				CLANG_WARN_BOOL_CONVERSION = YES;
				CLANG_WARN_CONSTANT_CONVERSION = YES;
				CLANG_WARN_DIRECT_OBJC_ISA_USAGE = YES_ERROR;
				CLANG_WARN_DOCUMENTATION_COMMENTS = YES;
				CLANG_WARN_EMPTY_BODY = YES;
				CLANG_WARN_ENUM_CONVERSION = YES;
				CLANG_WARN_INFINITE_RECURSION = YES;
				CLANG_WARN_INT_CONVERSION = YES;
				CLANG_WARN_OBJC_ROOT_CLASS = YES_ERROR;
				CLANG_WARN_SUSPICIOUS_MOVE = YES;
				CLANG_WARN_UNREACHABLE_CODE = YES;
				CLANG_WARN__DUPLICATE_METHOD_MATCH = YES;
				CODE_SIGN_STYLE = Manual;
				COPY_PHASE_STRIP = NO;
				DEBUG_INFORMATION_FORMAT = "dwarf-with-dsym";
				DEVELOPMENT_TEAM = 49E6AM57U3;
				"DEVELOPMENT_TEAM[sdk=*]" = 49E6AM57U3;
				ENABLE_STRICT_OBJC_MSGSEND = YES;
				ENABLE_TESTABILITY = YES;
				GCC_C_LANGUAGE_STANDARD = gnu99;
				GCC_DYNAMIC_NO_PIC = NO;
				GCC_NO_COMMON_BLOCKS = YES;
				GCC_OPTIMIZATION_LEVEL = 0;
				GCC_PREPROCESSOR_DEFINITIONS = (
					"DEBUG=1",
					"$(inherited)",
				);
				GCC_WARN_64_TO_32_BIT_CONVERSION = YES;
				GCC_WARN_ABOUT_RETURN_TYPE = YES_ERROR;
				GCC_WARN_UNDECLARED_SELECTOR = YES;
				GCC_WARN_UNINITIALIZED_AUTOS = YES_AGGRESSIVE;
				GCC_WARN_UNUSED_FUNCTION = YES;
				GCC_WARN_UNUSED_VARIABLE = YES;
				INFOPLIST_FILE = CatsTV/Info.plist;
				LD_RUNPATH_SEARCH_PATHS = "$(inherited) @executable_path/Frameworks";
				MARKETING_VERSION = 2.1;
				MTL_ENABLE_DEBUG_INFO = YES;
				ONLY_ACTIVE_ARCH = YES;
				PRODUCT_BUNDLE_IDENTIFIER = com.swarmnyc.CATSRightMeow;
				PRODUCT_NAME = "$(TARGET_NAME)";
				SDKROOT = appletvos;
				SWIFT_ACTIVE_COMPILATION_CONDITIONS = DEBUG;
				SWIFT_OPTIMIZATION_LEVEL = "-Onone";
				SWIFT_VERSION = 5.0;
				TARGETED_DEVICE_FAMILY = 3;
				TVOS_DEPLOYMENT_TARGET = 10.1;
			};
			name = Debug;
		};
		C4DE959B1E53611400CA80B2 /* Release */ = {
			isa = XCBuildConfiguration;
			baseConfigurationReference = 6689ED6D1BFE0AF708EF0062 /* Pods-CatsTV.release.xcconfig */;
			buildSettings = {
				ALWAYS_SEARCH_USER_PATHS = NO;
				ASSETCATALOG_COMPILER_APPICON_NAME = AppIcon;
				ASSETCATALOG_COMPILER_LAUNCHIMAGE_NAME = LaunchImage;
				CLANG_ANALYZER_NONNULL = YES;
				CLANG_ANALYZER_NUMBER_OBJECT_CONVERSION = YES_AGGRESSIVE;
				CLANG_CXX_LANGUAGE_STANDARD = "gnu++0x";
				CLANG_CXX_LIBRARY = "libc++";
				CLANG_ENABLE_MODULES = YES;
				CLANG_ENABLE_OBJC_ARC = YES;
				CLANG_WARN_BOOL_CONVERSION = YES;
				CLANG_WARN_CONSTANT_CONVERSION = YES;
				CLANG_WARN_DIRECT_OBJC_ISA_USAGE = YES_ERROR;
				CLANG_WARN_DOCUMENTATION_COMMENTS = YES;
				CLANG_WARN_EMPTY_BODY = YES;
				CLANG_WARN_ENUM_CONVERSION = YES;
				CLANG_WARN_INFINITE_RECURSION = YES;
				CLANG_WARN_INT_CONVERSION = YES;
				CLANG_WARN_OBJC_ROOT_CLASS = YES_ERROR;
				CLANG_WARN_SUSPICIOUS_MOVE = YES;
				CLANG_WARN_UNREACHABLE_CODE = YES;
				CLANG_WARN__DUPLICATE_METHOD_MATCH = YES;
				CODE_SIGN_IDENTITY = "Apple Development";
				CODE_SIGN_STYLE = Manual;
				COPY_PHASE_STRIP = NO;
				DEBUG_INFORMATION_FORMAT = "dwarf-with-dsym";
				DEVELOPMENT_TEAM = 49E6AM57U3;
				"DEVELOPMENT_TEAM[sdk=*]" = 49E6AM57U3;
				ENABLE_NS_ASSERTIONS = NO;
				ENABLE_STRICT_OBJC_MSGSEND = YES;
				GCC_C_LANGUAGE_STANDARD = gnu99;
				GCC_NO_COMMON_BLOCKS = YES;
				GCC_WARN_64_TO_32_BIT_CONVERSION = YES;
				GCC_WARN_ABOUT_RETURN_TYPE = YES_ERROR;
				GCC_WARN_UNDECLARED_SELECTOR = YES;
				GCC_WARN_UNINITIALIZED_AUTOS = YES_AGGRESSIVE;
				GCC_WARN_UNUSED_FUNCTION = YES;
				GCC_WARN_UNUSED_VARIABLE = YES;
				INFOPLIST_FILE = CatsTV/Info.plist;
				LD_RUNPATH_SEARCH_PATHS = "$(inherited) @executable_path/Frameworks";
				MARKETING_VERSION = 2.1;
				MTL_ENABLE_DEBUG_INFO = NO;
				PRODUCT_BUNDLE_IDENTIFIER = com.swarmnyc.CATSRightMeow;
				PRODUCT_NAME = "$(TARGET_NAME)";
				PROVISIONING_PROFILE_SPECIFIER = "";
				SDKROOT = appletvos;
				SWIFT_OPTIMIZATION_LEVEL = "-Owholemodule";
				SWIFT_VERSION = 5.0;
				TARGETED_DEVICE_FAMILY = 3;
				TVOS_DEPLOYMENT_TARGET = 10.1;
				VALIDATE_PRODUCT = YES;
			};
			name = Release;
		};
/* End XCBuildConfiguration section */

/* Begin XCConfigurationList section */
		C4DE95851E5360D800CA80B2 /* Build configuration list for PBXProject "CatsTV" */ = {
			isa = XCConfigurationList;
			buildConfigurations = (
				C4DE95861E5360D800CA80B2 /* Debug */,
				C4DE95871E5360D800CA80B2 /* Release */,
			);
			defaultConfigurationIsVisible = 0;
			defaultConfigurationName = Release;
		};
		C4DE95991E53611400CA80B2 /* Build configuration list for PBXNativeTarget "CatsTV" */ = {
			isa = XCConfigurationList;
			buildConfigurations = (
				C4DE959A1E53611400CA80B2 /* Debug */,
				C4DE959B1E53611400CA80B2 /* Release */,
			);
			defaultConfigurationIsVisible = 0;
			defaultConfigurationName = Release;
		};
/* End XCConfigurationList section */
	};
	rootObject = C4DE95821E5360D800CA80B2 /* Project object */;
}
